
Microsoft Visual Studio Solution File, Format Version 12.00
# Visual Studio Version 17
VisualStudioVersion = 17.5.002.0
MinimumVisualStudioVersion = 10.0.40219.1
Project("{9A19103F-16F7-4668-BE54-9A1E7A4F7556}") = "task1", "task1\task1.csproj", "{D151A136-BE0D-48A8-BC6C-6053EB3F97C9}"
EndProject
Global
	GlobalSection(SolutionConfigurationPlatforms) = preSolution
		Debug|Any CPU = Debug|Any CPU
		Release|Any CPU = Release|Any CPU
	EndGlobalSection
	GlobalSection(ProjectConfigurationPlatforms) = postSolution
		{D151A136-BE0D-48A8-BC6C-6053EB3F97C9}.Debug|Any CPU.ActiveCfg = Debug|Any CPU
		{D151A136-BE0D-48A8-BC6C-6053EB3F97C9}.Debug|Any CPU.Build.0 = Debug|Any CPU
		{D151A136-BE0D-48A8-BC6C-6053EB3F97C9}.Release|Any CPU.ActiveCfg = Release|Any CPU
		{D151A136-BE0D-48A8-BC6C-6053EB3F97C9}.Release|Any CPU.Build.0 = Release|Any CPU
	EndGlobalSection
	GlobalSection(SolutionProperties) = preSolution
		HideSolutionNode = FALSE
	EndGlobalSection
	GlobalSection(ExtensibilityGlobals) = postSolution
		SolutionGuid = {51129806-8023-4B39-BC6E-6A456726BF6B}
	EndGlobalSection
EndGlobal
